{
  "originHash" : "2da925a17ef299623aa416dfff73f629fadd27a2625067521178569492e9f607",
  "pins" : [
    {
      "identity" : "alamofire",
      "kind" : "remoteSourceControl",
      "location" : "https://github.com/Alamofire/Alamofire.git",
      "state" : {
        "revision" : "513364f870f6bfc468f9d2ff0a95caccc10044c5",
        "version" : "5.10.2"
      }
    },
    {
      "identity" : "proto-contracts",
      "kind" : "remoteSourceControl",
      "location" : "https://github.com/eka-care/proto-contracts.git",
      "state" : {
        "revision" : "bac1201cc305c453e913940c601467004998576c",
        "version" : "1.29.30"
      }
    },
    {
      "identity" : "swift-protobuf",
      "kind" : "remoteSourceControl",
      "location" : "https://github.com/apple/swift-protobuf.git",
      "state" : {
        "revision" : "ebc7251dd5b37f627c93698e4374084d98409633",
        "version" : "1.28.2"
      }
    }
  ],
  "version" : 3
}
